// !$*UTF8*$!
{
	archiveVersion = 1;
	classes = {
	};
	objectVersion = 48;
	objects = {

/* Begin PBXBuildFile section */
		212CE19F1FE3BA8500E786E8 /* AppDelegate.swift in Sources */ = {isa = PBXBuildFile; fileRef = 212CE19E1FE3BA8500E786E8 /* AppDelegate.swift */; };
		212CE1A11FE3BA8500E786E8 /* ViewController.swift in Sources */ = {isa = PBXBuildFile; fileRef = 212CE1A01FE3BA8500E786E8 /* ViewController.swift */; };
		212CE1A41FE3BA8500E786E8 /* Main.storyboard in Resources */ = {isa = PBXBuildFile; fileRef = 212CE1A21FE3BA8500E786E8 /* Main.storyboard */; };
		212CE1A61FE3BA8500E786E8 /* Assets.xcassets in Resources */ = {isa = PBXBuildFile; fileRef = 212CE1A51FE3BA8500E786E8 /* Assets.xcassets */; };
		212CE1A91FE3BA8500E786E8 /* LaunchScreen.storyboard in Resources */ = {isa = PBXBuildFile; fileRef = 212CE1A71FE3BA8500E786E8 /* LaunchScreen.storyboard */; };
		212CE1B51FE3BE7400E786E8 /* BAlert.swift in Sources */ = {isa = PBXBuildFile; fileRef = 212CE1B41FE3BE7400E786E8 /* BAlert.swift */; };
		212CE1B91FE3EEE600E786E8 /* UIView+BAlert.swift in Sources */ = {isa = PBXBuildFile; fileRef = 212CE1B81FE3EEE600E786E8 /* UIView+BAlert.swift */; };
		213FF368201831E0002B1D2D /* BAlertConfig.swift in Sources */ = {isa = PBXBuildFile; fileRef = 213FF367201831E0002B1D2D /* BAlertConfig.swift */; };
		213FF36A20186EF7002B1D2D /* BAlertWindow.swift in Sources */ = {isa = PBXBuildFile; fileRef = 213FF36920186EF7002B1D2D /* BAlertWindow.swift */; };
/* End PBXBuildFile section */

/* Begin PBXFileReference section */
		212CE19B1FE3BA8500E786E8 /* BAlertDemo.app */ = {isa = PBXFileReference; explicitFileType = wrapper.application; includeInIndex = 0; path = BAlertDemo.app; sourceTree = BUILT_PRODUCTS_DIR; };
		212CE19E1FE3BA8500E786E8 /* AppDelegate.swift */ = {isa = PBXFileReference; lastKnownFileType = sourcecode.swift; path = AppDelegate.swift; sourceTree = "<group>"; };
		212CE1A01FE3BA8500E786E8 /* ViewController.swift */ = {isa = PBXFileReference; lastKnownFileType = sourcecode.swift; path = ViewController.swift; sourceTree = "<group>"; };
		212CE1A31FE3BA8500E786E8 /* Base */ = {isa = PBXFileReference; lastKnownFileType = file.storyboard; name = Base; path = Base.lproj/Main.storyboard; sourceTree = "<group>"; };
		212CE1A51FE3BA8500E786E8 /* Assets.xcassets */ = {isa = PBXFileReference; lastKnownFileType = folder.assetcatalog; path = Assets.xcassets; sourceTree = "<group>"; };
		212CE1A81FE3BA8500E786E8 /* Base */ = {isa = PBXFileReference; lastKnownFileType = file.storyboard; name = Base; path = Base.lproj/LaunchScreen.storyboard; sourceTree = "<group>"; };
		212CE1AA1FE3BA8500E786E8 /* Info.plist */ = {isa = PBXFileReference; lastKnownFileType = text.plist.xml; path = Info.plist; sourceTree = "<group>"; };
		212CE1B41FE3BE7400E786E8 /* BAlert.swift */ = {isa = PBXFileReference; fileEncoding = 4; lastKnownFileType = sourcecode.swift; path = BAlert.swift; sourceTree = "<group>"; };
		212CE1B81FE3EEE600E786E8 /* UIView+BAlert.swift */ = {isa = PBXFileReference; lastKnownFileType = sourcecode.swift; path = "UIView+BAlert.swift"; sourceTree = "<group>"; };
		213FF367201831E0002B1D2D /* BAlertConfig.swift */ = {isa = PBXFileReference; lastKnownFileType = sourcecode.swift; path = BAlertConfig.swift; sourceTree = "<group>"; };
		213FF36920186EF7002B1D2D /* BAlertWindow.swift */ = {isa = PBXFileReference; lastKnownFileType = sourcecode.swift; path = BAlertWindow.swift; sourceTree = "<group>"; };
/* End PBXFileReference section */

/* Begin PBXFrameworksBuildPhase section */
		212CE1981FE3BA8500E786E8 /* Frameworks */ = {
			isa = PBXFrameworksBuildPhase;
			buildActionMask = 2147483647;
			files = (
			);
			runOnlyForDeploymentPostprocessing = 0;
		};
/* End PBXFrameworksBuildPhase section */

/* Begin PBXGroup section */
		212CE1921FE3BA8500E786E8 = {
			isa = PBXGroup;
			children = (
				212CE19D1FE3BA8500E786E8 /* BAlertDemo */,
				212CE19C1FE3BA8500E786E8 /* Products */,
			);
			sourceTree = "<group>";
		};
		212CE19C1FE3BA8500E786E8 /* Products */ = {
			isa = PBXGroup;
			children = (
				212CE19B1FE3BA8500E786E8 /* BAlertDemo.app */,
			);
			name = Products;
			sourceTree = "<group>";
		};
		212CE19D1FE3BA8500E786E8 /* BAlertDemo */ = {
			isa = PBXGroup;
			children = (
				212CE1B31FE3BE7400E786E8 /* BAlert */,
				212CE19E1FE3BA8500E786E8 /* AppDelegate.swift */,
				212CE1A01FE3BA8500E786E8 /* ViewController.swift */,
				212CE1A21FE3BA8500E786E8 /* Main.storyboard */,
				212CE1A51FE3BA8500E786E8 /* Assets.xcassets */,
				212CE1A71FE3BA8500E786E8 /* LaunchScreen.storyboard */,
				212CE1AA1FE3BA8500E786E8 /* Info.plist */,
			);
			path = BAlertDemo;
			sourceTree = "<group>";
		};
		212CE1B31FE3BE7400E786E8 /* BAlert */ = {
			isa = PBXGroup;
			children = (
				212CE1B41FE3BE7400E786E8 /* BAlert.swift */,
				213FF367201831E0002B1D2D /* BAlertConfig.swift */,
				212CE1B81FE3EEE600E786E8 /* UIView+BAlert.swift */,
				213FF36920186EF7002B1D2D /* BAlertWindow.swift */,
			);
			name = BAlert;
			path = ../../BAlert;
			sourceTree = "<group>";
		};
/* End PBXGroup section */

/* Begin PBXNativeTarget section */
		212CE19A1FE3BA8500E786E8 /* BAlertDemo */ = {
			isa = PBXNativeTarget;
			buildConfigurationList = 212CE1AD1FE3BA8500E786E8 /* Build configuration list for PBXNativeTarget "BAlertDemo" */;
			buildPhases = (
				212CE1971FE3BA8500E786E8 /* Sources */,
				212CE1981FE3BA8500E786E8 /* Frameworks */,
				212CE1991FE3BA8500E786E8 /* Resources */,
			);
			buildRules = (
			);
			dependencies = (
			);
			name = BAlertDemo;
			productName = BAlertDemo;
			productReference = 212CE19B1FE3BA8500E786E8 /* BAlertDemo.app */;
			productType = "com.apple.product-type.application";
		};
/* End PBXNativeTarget section */

/* Begin PBXProject section */
		212CE1931FE3BA8500E786E8 /* Project object */ = {
			isa = PBXProject;
			attributes = {
				LastSwiftUpdateCheck = 0910;
				LastUpgradeCheck = 0910;
				ORGANIZATIONNAME = "北京仙指信息技术有限公司";
				TargetAttributes = {
					212CE19A1FE3BA8500E786E8 = {
						CreatedOnToolsVersion = 9.1;
						ProvisioningStyle = Automatic;
					};
				};
			};
			buildConfigurationList = 212CE1961FE3BA8500E786E8 /* Build configuration list for PBXProject "BAlertDemo" */;
			compatibilityVersion = "Xcode 8.0";
			developmentRegion = en;
			hasScannedForEncodings = 0;
			knownRegions = (
				en,
				Base,
			);
			mainGroup = 212CE1921FE3BA8500E786E8;
			productRefGroup = 212CE19C1FE3BA8500E786E8 /* Products */;
			projectDirPath = "";
			projectRoot = "";
			targets = (
				212CE19A1FE3BA8500E786E8 /* BAlertDemo */,
			);
		};
/* End PBXProject section */

/* Begin PBXResourcesBuildPhase section */
		212CE1991FE3BA8500E786E8 /* Resources */ = {
			isa = PBXResourcesBuildPhase;
			buildActionMask = 2147483647;
			files = (
				212CE1A91FE3BA8500E786E8 /* LaunchScreen.storyboard in Resources */,
				212CE1A61FE3BA8500E786E8 /* Assets.xcassets in Resources */,
				212CE1A41FE3BA8500E786E8 /* Main.storyboard in Resources */,
			);
			runOnlyForDeploymentPostprocessing = 0;
		};
/* End PBXResourcesBuildPhase section */

/* Begin PBXSourcesBuildPhase section */
		212CE1971FE3BA8500E786E8 /* Sources */ = {
			isa = PBXSourcesBuildPhase;
			buildActionMask = 2147483647;
			files = (
				212CE1A11FE3BA8500E786E8 /* ViewController.swift in Sources */,
				213FF368201831E0002B1D2D /* BAlertConfig.swift in Sources */,
				212CE19F1FE3BA8500E786E8 /* AppDelegate.swift in Sources */,
				212CE1B51FE3BE7400E786E8 /* BAlert.swift in Sources */,
				212CE1B91FE3EEE600E786E8 /* UIView+BAlert.swift in Sources */,
				213FF36A20186EF7002B1D2D /* BAlertWindow.swift in Sources */,
			);
			runOnlyForDeploymentPostprocessing = 0;
		};
/* End PBXSourcesBuildPhase section */

/* Begin PBXVariantGroup section */
		212CE1A21FE3BA8500E786E8 /* Main.storyboard */ = {
			isa = PBXVariantGroup;
			children = (
				212CE1A31FE3BA8500E786E8 /* Base */,
			);
			name = Main.storyboard;
			sourceTree = "<group>";
		};
		212CE1A71FE3BA8500E786E8 /* LaunchScreen.storyboard */ = {
			isa = PBXVariantGroup;
			children = (
				212CE1A81FE3BA8500E786E8 /* Base */,
			);
			name = LaunchScreen.storyboard;
			sourceTree = "<group>";
		};
/* End PBXVariantGroup section */

/* Begin XCBuildConfiguration section */
		212CE1AB1FE3BA8500E786E8 /* Debug */ = {
			isa = XCBuildConfiguration;
			buildSettings = {
				ALWAYS_SEARCH_USER_PATHS = NO;
				CLANG_ANALYZER_NONNULL = YES;
				CLANG_ANALYZER_NUMBER_OBJECT_CONVERSION = YES_AGGRESSIVE;
				CLANG_CXX_LANGUAGE_STANDARD = "gnu++14";
				CLANG_CXX_LIBRARY = "libc++";
				CLANG_ENABLE_MODULES = YES;
				CLANG_ENABLE_OBJC_ARC = YES;
				CLANG_WARN_BLOCK_CAPTURE_AUTORELEASING = YES;
				CLANG_WARN_BOOL_CONVERSION = YES;
				CLANG_WARN_COMMA = YES;
				CLANG_WARN_CONSTANT_CONVERSION = YES;
				CLANG_WARN_DIRECT_OBJC_ISA_USAGE = YES_ERROR;
				CLANG_WARN_DOCUMENTATION_COMMENTS = YES;
				CLANG_WARN_EMPTY_BODY = YES;
				CLANG_WARN_ENUM_CONVERSION = YES;
				CLANG_WARN_INFINITE_RECURSION = YES;
				CLANG_WARN_INT_CONVERSION = YES;
				CLANG_WARN_NON_LITERAL_NULL_CONVERSION = YES;
				CLANG_WARN_OBJC_LITERAL_CONVERSION = YES;
				CLANG_WARN_OBJC_ROOT_CLASS = YES_ERROR;
				CLANG_WARN_RANGE_LOOP_ANALYSIS = YES;
				CLANG_WARN_STRICT_PROTOTYPES = YES;
				CLANG_WARN_SUSPICIOUS_MOVE = YES;
				CLANG_WARN_UNGUARDED_AVAILABILITY = YES_AGGRESSIVE;
				CLANG_WARN_UNREACHABLE_CODE = YES;
				CLANG_WARN__DUPLICATE_METHOD_MATCH = YES;
				CODE_SIGN_IDENTITY = "iPhone Developer";
				COPY_PHASE_STRIP = NO;
				DEBUG_INFORMATION_FORMAT = dwarf;
				ENABLE_STRICT_OBJC_MSGSEND = YES;
				ENABLE_TESTABILITY = YES;
				GCC_C_LANGUAGE_STANDARD = gnu11;
				GCC_DYNAMIC_NO_PIC = NO;
				GCC_NO_COMMON_BLOCKS = YES;
				GCC_OPTIMIZATION_LEVEL = 0;
				GCC_PREPROCESSOR_DEFINITIONS = (
					"DEBUG=1",
					"$(inherited)",
				);
				GCC_WARN_64_TO_32_BIT_CONVERSION = YES;
				GCC_WARN_ABOUT_RETURN_TYPE = YES_ERROR;
				GCC_WARN_UNDECLARED_SELECTOR = YES;
				GCC_WARN_UNINITIALIZED_AUTOS = YES_AGGRESSIVE;
				GCC_WARN_UNUSED_FUNCTION = YES;
				GCC_WARN_UNUSED_VARIABLE = YES;
				IPHONEOS_DEPLOYMENT_TARGET = 11.1;
				MTL_ENABLE_DEBUG_INFO = YES;
				ONLY_ACTIVE_ARCH = YES;
				SDKROOT = iphoneos;
				SWIFT_ACTIVE_COMPILATION_CONDITIONS = DEBUG;
				SWIFT_OPTIMIZATION_LEVEL = "-Onone";
			};
			name = Debug;
		};
		212CE1AC1FE3BA8500E786E8 /* Release */ = {
			isa = XCBuildConfiguration;
			buildSettings = {
				ALWAYS_SEARCH_USER_PATHS = NO;
				CLANG_ANALYZER_NONNULL = YES;
				CLANG_ANALYZER_NUMBER_OBJECT_CONVERSION = YES_AGGRESSIVE;
				CLANG_CXX_LANGUAGE_STANDARD = "gnu++14";
				CLANG_CXX_LIBRARY = "libc++";
				CLANG_ENABLE_MODULES = YES;
				CLANG_ENABLE_OBJC_ARC = YES;
				CLANG_WARN_BLOCK_CAPTURE_AUTORELEASING = YES;
				CLANG_WARN_BOOL_CONVERSION = YES;
				CLANG_WARN_COMMA = YES;
				CLANG_WARN_CONSTANT_CONVERSION = YES;
				CLANG_WARN_DIRECT_OBJC_ISA_USAGE = YES_ERROR;
				CLANG_WARN_DOCUMENTATION_COMMENTS = YES;
				CLANG_WARN_EMPTY_BODY = YES;
				CLANG_WARN_ENUM_CONVERSION = YES;
				CLANG_WARN_INFINITE_RECURSION = YES;
				CLANG_WARN_INT_CONVERSION = YES;
				CLANG_WARN_NON_LITERAL_NULL_CONVERSION = YES;
				CLANG_WARN_OBJC_LITERAL_CONVERSION = YES;
				CLANG_WARN_OBJC_ROOT_CLASS = YES_ERROR;
				CLANG_WARN_RANGE_LOOP_ANALYSIS = YES;
				CLANG_WARN_STRICT_PROTOTYPES = YES;
				CLANG_WARN_SUSPICIOUS_MOVE = YES;
				CLANG_WARN_UNGUARDED_AVAILABILITY = YES_AGGRESSIVE;
				CLANG_WARN_UNREACHABLE_CODE = YES;
				CLANG_WARN__DUPLICATE_METHOD_MATCH = YES;
				CODE_SIGN_IDENTITY = "iPhone Developer";
				COPY_PHASE_STRIP = NO;
				DEBUG_INFORMATION_FORMAT = "dwarf-with-dsym";
				ENABLE_NS_ASSERTIONS = NO;
				ENABLE_STRICT_OBJC_MSGSEND = YES;
				GCC_C_LANGUAGE_STANDARD = gnu11;
				GCC_NO_COMMON_BLOCKS = YES;
				GCC_WARN_64_TO_32_BIT_CONVERSION = YES;
				GCC_WARN_ABOUT_RETURN_TYPE = YES_ERROR;
				GCC_WARN_UNDECLARED_SELECTOR = YES;
				GCC_WARN_UNINITIALIZED_AUTOS = YES_AGGRESSIVE;
				GCC_WARN_UNUSED_FUNCTION = YES;
				GCC_WARN_UNUSED_VARIABLE = YES;
				IPHONEOS_DEPLOYMENT_TARGET = 11.1;
				MTL_ENABLE_DEBUG_INFO = NO;
				SDKROOT = iphoneos;
				SWIFT_OPTIMIZATION_LEVEL = "-Owholemodule";
				VALIDATE_PRODUCT = YES;
			};
			name = Release;
		};
		212CE1AE1FE3BA8500E786E8 /* Debug */ = {
			isa = XCBuildConfiguration;
			buildSettings = {
				ASSETCATALOG_COMPILER_APPICON_NAME = AppIcon;
				"CODE_SIGN_IDENTITY[sdk=iphoneos*]" = "iPhone Developer";
				CODE_SIGN_STYLE = Automatic;
				DEVELOPMENT_TEAM = "";
				INFOPLIST_FILE = BAlertDemo/Info.plist;
				LD_RUNPATH_SEARCH_PATHS = "$(inherited) @executable_path/Frameworks";
				PRODUCT_BUNDLE_IDENTIFIER = com.xianzhi.www.BAlertDemo;
				PRODUCT_NAME = "$(TARGET_NAME)";
				PROVISIONING_PROFILE_SPECIFIER = "";
				SWIFT_VERSION = 4.0;
				TARGETED_DEVICE_FAMILY = "1,2";
			};
			name = Debug;
		};
		212CE1AF1FE3BA8500E786E8 /* Release */ = {
			isa = XCBuildConfiguration;
			buildSettings = {
				ASSETCATALOG_COMPILER_APPICON_NAME = AppIcon;
				"CODE_SIGN_IDENTITY[sdk=iphoneos*]" = "iPhone Developer";
				CODE_SIGN_STYLE = Automatic;
				DEVELOPMENT_TEAM = "";
				INFOPLIST_FILE = BAlertDemo/Info.plist;
				LD_RUNPATH_SEARCH_PATHS = "$(inherited) @executable_path/Frameworks";
				PRODUCT_BUNDLE_IDENTIFIER = com.xianzhi.www.BAlertDemo;
				PRODUCT_NAME = "$(TARGET_NAME)";
				PROVISIONING_PROFILE_SPECIFIER = "";
				SWIFT_VERSION = 4.0;
				TARGETED_DEVICE_FAMILY = "1,2";
			};
			name = Release;
		};
/* End XCBuildConfiguration section */

/* Begin XCConfigurationList section */
		212CE1961FE3BA8500E786E8 /* Build configuration list for PBXProject "BAlertDemo" */ = {
			isa = XCConfigurationList;
			buildConfigurations = (
				212CE1AB1FE3BA8500E786E8 /* Debug */,
				212CE1AC1FE3BA8500E786E8 /* Release */,
			);
			defaultConfigurationIsVisible = 0;
			defaultConfigurationName = Release;
		};
		212CE1AD1FE3BA8500E786E8 /* Build configuration list for PBXNativeTarget "BAlertDemo" */ = {
			isa = XCConfigurationList;
			buildConfigurations = (
				212CE1AE1FE3BA8500E786E8 /* Debug */,
				212CE1AF1FE3BA8500E786E8 /* Release */,
			);
			defaultConfigurationIsVisible = 0;
			defaultConfigurationName = Release;
		};
/* End XCConfigurationList section */
	};
	rootObject = 212CE1931FE3BA8500E786E8 /* Project object */;
}
